<?xml version="1.0" encoding="UTF-8" standalone="yes" ?>
<CodeBlocks_project_file>
	<FileVersion major="1" minor="6" />
	<Project>
		<Option title="ParqueJurassico" />
		<Option pch_mode="2" />
		<Option compiler="gcc" />
		<Build>
			<Target title="Debug">
				<Option output="bin/Debug/ParqueJurassico" prefix_auto="1" extension_auto="1" />
				<Option object_output="obj/Debug/" />
				<Option type="1" />
				<Option compiler="gcc" />
				<Compiler>
					<Add option="-g" />
					<Add directory="../ParqueJurassico" />
				</Compiler>
			</Target>
			<Target title="Release">
				<Option output="bin/Release/ParqueJurassico" prefix_auto="1" extension_auto="1" />
				<Option object_output="obj/Release/" />
				<Option type="1" />
				<Option compiler="gcc" />
				<Compiler>
					<Add option="-O2" />
					<Add directory="../ParqueJurassico" />
				</Compiler>
				<Linker>
					<Add option="-s" />
				</Linker>
			</Target>
		</Build>
		<Compiler>
			<Add option="-Wall" />
			<Add option="-fexceptions" />
		</Compiler>
		<Unit filename="CercadoArchivo.cpp" />
		<Unit filename="CercadoArchivo.h" />
		<Unit filename="Cercados.cpp" />
		<Unit filename="Cercados.h" />
		<Unit filename="CriarHibrido.cpp" />
		<Unit filename="CriarHibrido.h" />
		<Unit filename="CriarHibridoArchivo.cpp" />
		<Unit filename="CriarHibridoArchivo.h" />
		<Unit filename="Dinosaurios.cpp" />
		<Unit filename="Dinosaurios.h" />
		<Unit filename="DinosauriosArchivo.cpp" />
		<Unit filename="DinosauriosArchivo.h" />
		<Unit filename="EspecieArchivo.cpp" />
		<Unit filename="EspecieArchivo.h" />
		<Unit filename="Especies.cpp" />
		<Unit filename="Especies.h" />
		<Unit filename="Fecha.cpp" />
		<Unit filename="Fecha.h" />
		<Unit filename="Laboratorio.cpp" />
		<Unit filename="Laboratorio.h" />
		<Unit filename="LaboratorioArchivo.cpp" />
		<Unit filename="LaboratorioArchivo.h" />
		<Unit filename="MenuPrincipal.cpp" />
		<Unit filename="MenuPrincipal.h" />
		<Unit filename="MundoJurassico.cpp" />
		<Unit filename="MundoJurassico.h" />
		<Unit filename="MundoJurassicoArchivo.cpp" />
		<Unit filename="MundoJurassicoArchivo.h" />
		<Unit filename="Operaciones.cpp" />
		<Unit filename="Operaciones.h" />
		<Unit filename="OperacionesArchivo.cpp" />
		<Unit filename="OperacionesArchivo.h" />
		<Unit filename="SubMenu.cpp" />
		<Unit filename="SubMenu.h" />
		<Unit filename="main.cpp" />
		<Extensions>
			<lib_finder disable_auto="1" />
		</Extensions>
	</Project>
</CodeBlocks_project_file>
